// !$*UTF8*$!
{
	archiveVersion = 1;
	classes = {
	};
	objectVersion = 46;
	objects = {

/* Begin PBXBuildFile section */
		235274FFF592AC997B764357 /* interpreter.swift in Sources */ = {isa = PBXBuildFile; fileRef = 235271C1B32CCEB6043628F9 /* interpreter.swift */; };
		2352792F767C46114647D93C /* main.swift in Sources */ = {isa = PBXBuildFile; fileRef = 2352712F20F5AAC5D0886463 /* main.swift */; };
/* End PBXBuildFile section */

/* Begin PBXCopyFilesBuildPhase section */
		23527B28F47EE3ACF5300DF9 /* CopyFiles */ = {
			isa = PBXCopyFilesBuildPhase;
			buildActionMask = 2147483647;
			dstPath = /usr/share/man/man1/;
			dstSubfolderSpec = 0;
			files = (
			);
			runOnlyForDeploymentPostprocessing = 1;
		};
/* End PBXCopyFilesBuildPhase section */

/* Begin PBXFileReference section */
		2352712F20F5AAC5D0886463 /* main.swift */ = {isa = PBXFileReference; lastKnownFileType = sourcecode.swift; path = main.swift; sourceTree = "<group>"; };
		235271C1B32CCEB6043628F9 /* interpreter.swift */ = {isa = PBXFileReference; fileEncoding = 4; lastKnownFileType = sourcecode.swift; path = interpreter.swift; sourceTree = "<group>"; };
		23527D54F926F851693D1B94 /* Noodle */ = {isa = PBXFileReference; explicitFileType = "compiled.mach-o.executable"; includeInIndex = 0; path = Noodle; sourceTree = BUILT_PRODUCTS_DIR; };
/* End PBXFileReference section */

/* Begin PBXFrameworksBuildPhase section */
		2352751F5700CABDDE65B5D2 /* Frameworks */ = {
			isa = PBXFrameworksBuildPhase;
			buildActionMask = 2147483647;
			files = (
			);
			runOnlyForDeploymentPostprocessing = 0;
		};
/* End PBXFrameworksBuildPhase section */

/* Begin PBXGroup section */
		2352731662A148E7DA29FD8B = {
			isa = PBXGroup;
			children = (
				23527696E987647FE78AC4F5 /* Products */,
				23527343605D7860DA502FCE /* Noodle */,
			);
			sourceTree = "<group>";
		};
		23527343605D7860DA502FCE /* Noodle */ = {
			isa = PBXGroup;
			children = (
				2352712F20F5AAC5D0886463 /* main.swift */,
				235271C1B32CCEB6043628F9 /* interpreter.swift */,
			);
			path = Noodle;
			sourceTree = "<group>";
		};
		23527696E987647FE78AC4F5 /* Products */ = {
			isa = PBXGroup;
			children = (
				23527D54F926F851693D1B94 /* Noodle */,
			);
			name = Products;
			sourceTree = "<group>";
		};
/* End PBXGroup section */

/* Begin PBXNativeTarget section */
		2352783C80F1D13F47003E22 /* Noodle */ = {
			isa = PBXNativeTarget;
			buildConfigurationList = 235273D28C835C90ACAE0E27 /* Build configuration list for PBXNativeTarget "Noodle" */;
			buildPhases = (
				235279B6E05A865225659E74 /* Sources */,
				2352751F5700CABDDE65B5D2 /* Frameworks */,
				23527B28F47EE3ACF5300DF9 /* CopyFiles */,
			);
			buildRules = (
			);
			dependencies = (
			);
			name = Noodle;
			productName = Noodle;
			productReference = 23527D54F926F851693D1B94 /* Noodle */;
			productType = "com.apple.product-type.tool";
		};
/* End PBXNativeTarget section */

/* Begin PBXProject section */
		23527FD3EF9A1B653C88FC55 /* Project object */ = {
			isa = PBXProject;
			attributes = {
				ORGANIZATIONNAME = "Joshua Weinstein";
			};
			buildConfigurationList = 23527723D62B180D71AB12BA /* Build configuration list for PBXProject "Noodle" */;
			compatibilityVersion = "Xcode 3.2";
			developmentRegion = English;
			hasScannedForEncodings = 0;
			knownRegions = (
				en,
			);
			mainGroup = 2352731662A148E7DA29FD8B;
			productRefGroup = 23527696E987647FE78AC4F5 /* Products */;
			projectDirPath = "";
			projectRoot = "";
			targets = (
				2352783C80F1D13F47003E22 /* Noodle */,
			);
		};
/* End PBXProject section */

/* Begin PBXSourcesBuildPhase section */
		235279B6E05A865225659E74 /* Sources */ = {
			isa = PBXSourcesBuildPhase;
			buildActionMask = 2147483647;
			files = (
				2352792F767C46114647D93C /* main.swift in Sources */,
				235274FFF592AC997B764357 /* interpreter.swift in Sources */,
			);
			runOnlyForDeploymentPostprocessing = 0;
		};
/* End PBXSourcesBuildPhase section */

/* Begin XCBuildConfiguration section */
		2352700F4D23213E55692ADA /* Debug */ = {
			isa = XCBuildConfiguration;
			buildSettings = {
				PRODUCT_NAME = "$(TARGET_NAME)";
			};
			name = Debug;
		};
		23527B7597504E615A61198A /* Debug */ = {
			isa = XCBuildConfiguration;
			buildSettings = {
				ALWAYS_SEARCH_USER_PATHS = NO;
				CLANG_CXX_LANGUAGE_STANDARD = "gnu++0x";
				CLANG_CXX_LIBRARY = "libc++";
				CLANG_ENABLE_MODULES = YES;
				CLANG_ENABLE_OBJC_ARC = YES;
				CLANG_WARN_BOOL_CONVERSION = YES;
				CLANG_WARN_CONSTANT_CONVERSION = YES;
				CLANG_WARN_DIRECT_OBJC_ISA_USAGE = YES_ERROR;
				CLANG_WARN_EMPTY_BODY = YES;
				CLANG_WARN_ENUM_CONVERSION = YES;
				CLANG_WARN_INT_CONVERSION = YES;
				CLANG_WARN_OBJC_ROOT_CLASS = YES_ERROR;
				CLANG_WARN_UNREACHABLE_CODE = YES;
				CLANG_WARN__DUPLICATE_METHOD_MATCH = YES;
				CODE_SIGN_IDENTITY = "-";
				COPY_PHASE_STRIP = NO;
				DEBUG_INFORMATION_FORMAT = dwarf;
				ENABLE_STRICT_OBJC_MSGSEND = YES;
				ENABLE_TESTABILITY = YES;
				GCC_C_LANGUAGE_STANDARD = gnu99;
				GCC_DYNAMIC_NO_PIC = NO;
				GCC_NO_COMMON_BLOCKS = YES;
				GCC_OPTIMIZATION_LEVEL = 0;
				GCC_PREPROCESSOR_DEFINITIONS = (
					"DEBUG=1",
					"$(inherited)",
				);
				GCC_WARN_64_TO_32_BIT_CONVERSION = YES;
				GCC_WARN_ABOUT_RETURN_TYPE = YES_ERROR;
				GCC_WARN_UNDECLARED_SELECTOR = YES;
				GCC_WARN_UNINITIALIZED_AUTOS = YES_AGGRESSIVE;
				GCC_WARN_UNUSED_FUNCTION = YES;
				GCC_WARN_UNUSED_VARIABLE = YES;
				MACOSX_DEPLOYMENT_TARGET = 10.10;
				MTL_ENABLE_DEBUG_INFO = YES;
				ONLY_ACTIVE_ARCH = YES;
				SDKROOT = macosx;
				SWIFT_OPTIMIZATION_LEVEL = "-Onone";
			};
			name = Debug;
		};
		23527C00C7EC44C4EF049F83 /* Release */ = {
			isa = XCBuildConfiguration;
			buildSettings = {
				ALWAYS_SEARCH_USER_PATHS = NO;
				CLANG_CXX_LANGUAGE_STANDARD = "gnu++0x";
				CLANG_CXX_LIBRARY = "libc++";
				CLANG_ENABLE_MODULES = YES;
				CLANG_ENABLE_OBJC_ARC = YES;
				CLANG_WARN_BOOL_CONVERSION = YES;
				CLANG_WARN_CONSTANT_CONVERSION = YES;
				CLANG_WARN_DIRECT_OBJC_ISA_USAGE = YES_ERROR;
				CLANG_WARN_EMPTY_BODY = YES;
				CLANG_WARN_ENUM_CONVERSION = YES;
				CLANG_WARN_INT_CONVERSION = YES;
				CLANG_WARN_OBJC_ROOT_CLASS = YES_ERROR;
				CLANG_WARN_UNREACHABLE_CODE = YES;
				CLANG_WARN__DUPLICATE_METHOD_MATCH = YES;
				CODE_SIGN_IDENTITY = "-";
				COPY_PHASE_STRIP = NO;
				DEBUG_INFORMATION_FORMAT = "dwarf-with-dsym";
				ENABLE_NS_ASSERTIONS = NO;
				ENABLE_STRICT_OBJC_MSGSEND = YES;
				GCC_C_LANGUAGE_STANDARD = gnu99;
				GCC_NO_COMMON_BLOCKS = YES;
				GCC_WARN_64_TO_32_BIT_CONVERSION = YES;
				GCC_WARN_ABOUT_RETURN_TYPE = YES_ERROR;
				GCC_WARN_UNDECLARED_SELECTOR = YES;
				GCC_WARN_UNINITIALIZED_AUTOS = YES_AGGRESSIVE;
				GCC_WARN_UNUSED_FUNCTION = YES;
				GCC_WARN_UNUSED_VARIABLE = YES;
				MACOSX_DEPLOYMENT_TARGET = 10.10;
				MTL_ENABLE_DEBUG_INFO = NO;
				SDKROOT = macosx;
			};
			name = Release;
		};
		23527C1EBAC818811C5CC350 /* Release */ = {
			isa = XCBuildConfiguration;
			buildSettings = {
				PRODUCT_NAME = "$(TARGET_NAME)";
			};
			name = Release;
		};
/* End XCBuildConfiguration section */

/* Begin XCConfigurationList section */
		235273D28C835C90ACAE0E27 /* Build configuration list for PBXNativeTarget "Noodle" */ = {
			isa = XCConfigurationList;
			buildConfigurations = (
				2352700F4D23213E55692ADA /* Debug */,
				23527C1EBAC818811C5CC350 /* Release */,
			);
			defaultConfigurationIsVisible = 0;
		};
		23527723D62B180D71AB12BA /* Build configuration list for PBXProject "Noodle" */ = {
			isa = XCConfigurationList;
			buildConfigurations = (
				23527B7597504E615A61198A /* Debug */,
				23527C00C7EC44C4EF049F83 /* Release */,
			);
			defaultConfigurationIsVisible = 0;
			defaultConfigurationName = Release;
		};
/* End XCConfigurationList section */
	};
	rootObject = 23527FD3EF9A1B653C88FC55 /* Project object */;
}
